
Microsoft Visual Studio Solution File, Format Version 12.00
# Visual Studio 15
VisualStudioVersion = 15.0.28307.572
MinimumVisualStudioVersion = 10.0.40219.1
Project("{2150E333-8FDC-42A3-9474-1A3956D46DE8}") = "Solution Items", "Solution Items", "{8F261553-E1C6-4832-9794-F059942651E9}"
	ProjectSection(SolutionItems) = preProject
		Default.html = Default.html
		Funciones.js = Funciones.js
	EndProjectSection
EndProject
Global
	GlobalSection(SolutionProperties) = preSolution
		HideSolutionNode = FALSE
	EndGlobalSection
	GlobalSection(ExtensibilityGlobals) = postSolution
		SolutionGuid = {FF07F5E6-6692-4EDF-98C2-5B24D177F405}
	EndGlobalSection
EndGlobal
